
Microsoft Visual Studio Solution File, Format Version 12.00
# Visual Studio 15
Project("{FAE04EC0-301F-11D3-BF4B-00C04F79EFBC}") = "KeyVault.Android", "KeyVault.Android\KeyVault.Android.csproj", "{7405378E-7A42-49FD-B836-F844FEF4EB2A}"
EndProject
Project("{FAE04EC0-301F-11D3-BF4B-00C04F79EFBC}") = "KeyVault.iOS", "KeyVault.iOS\KeyVault.iOS.csproj", "{BF4D5948-94D6-4A62-B3AE-2D7C951E7A72}"
EndProject
Project("{FAE04EC0-301F-11D3-BF4B-00C04F79EFBC}") = "KeyVault", "KeyVault\KeyVault.csproj", "{02AC3C87-1BA3-4C2F-A987-CCD180A4BEB0}"
EndProject
Global
	GlobalSection(SolutionConfigurationPlatforms) = preSolution
		Debug|Any CPU = Debug|Any CPU
		Release|Any CPU = Release|Any CPU
		Debug|iPhoneSimulator = Debug|iPhoneSimulator
		Release|iPhoneSimulator = Release|iPhoneSimulator
		Debug|iPhone = Debug|iPhone
		Release|iPhone = Release|iPhone
	EndGlobalSection
	GlobalSection(ProjectConfigurationPlatforms) = postSolution
		{7405378E-7A42-49FD-B836-F844FEF4EB2A}.Debug|Any CPU.ActiveCfg = Debug|Any CPU
		{7405378E-7A42-49FD-B836-F844FEF4EB2A}.Debug|Any CPU.Build.0 = Debug|Any CPU
		{7405378E-7A42-49FD-B836-F844FEF4EB2A}.Release|Any CPU.ActiveCfg = Release|Any CPU
		{7405378E-7A42-49FD-B836-F844FEF4EB2A}.Release|Any CPU.Build.0 = Release|Any CPU
		{7405378E-7A42-49FD-B836-F844FEF4EB2A}.Debug|iPhoneSimulator.ActiveCfg = Debug|Any CPU
		{7405378E-7A42-49FD-B836-F844FEF4EB2A}.Debug|iPhoneSimulator.Build.0 = Debug|Any CPU
		{7405378E-7A42-49FD-B836-F844FEF4EB2A}.Release|iPhoneSimulator.ActiveCfg = Release|Any CPU
		{7405378E-7A42-49FD-B836-F844FEF4EB2A}.Release|iPhoneSimulator.Build.0 = Release|Any CPU
		{7405378E-7A42-49FD-B836-F844FEF4EB2A}.Debug|iPhone.ActiveCfg = Debug|Any CPU
		{7405378E-7A42-49FD-B836-F844FEF4EB2A}.Debug|iPhone.Build.0 = Debug|Any CPU
		{7405378E-7A42-49FD-B836-F844FEF4EB2A}.Release|iPhone.ActiveCfg = Release|Any CPU
		{7405378E-7A42-49FD-B836-F844FEF4EB2A}.Release|iPhone.Build.0 = Release|Any CPU
		{BF4D5948-94D6-4A62-B3AE-2D7C951E7A72}.Debug|Any CPU.ActiveCfg = Debug|iPhoneSimulator
		{BF4D5948-94D6-4A62-B3AE-2D7C951E7A72}.Debug|Any CPU.Build.0 = Debug|iPhoneSimulator
		{BF4D5948-94D6-4A62-B3AE-2D7C951E7A72}.Release|Any CPU.ActiveCfg = Release|iPhoneSimulator
		{BF4D5948-94D6-4A62-B3AE-2D7C951E7A72}.Release|Any CPU.Build.0 = Release|iPhoneSimulator
		{BF4D5948-94D6-4A62-B3AE-2D7C951E7A72}.Debug|iPhoneSimulator.ActiveCfg = Debug|iPhoneSimulator
		{BF4D5948-94D6-4A62-B3AE-2D7C951E7A72}.Debug|iPhoneSimulator.Build.0 = Debug|iPhoneSimulator
		{BF4D5948-94D6-4A62-B3AE-2D7C951E7A72}.Release|iPhoneSimulator.ActiveCfg = Release|iPhoneSimulator
		{BF4D5948-94D6-4A62-B3AE-2D7C951E7A72}.Release|iPhoneSimulator.Build.0 = Release|iPhoneSimulator
		{BF4D5948-94D6-4A62-B3AE-2D7C951E7A72}.Debug|iPhone.ActiveCfg = Debug|iPhone
		{BF4D5948-94D6-4A62-B3AE-2D7C951E7A72}.Debug|iPhone.Build.0 = Debug|iPhone
		{BF4D5948-94D6-4A62-B3AE-2D7C951E7A72}.Release|iPhone.ActiveCfg = Release|iPhone
		{BF4D5948-94D6-4A62-B3AE-2D7C951E7A72}.Release|iPhone.Build.0 = Release|iPhone
		{02AC3C87-1BA3-4C2F-A987-CCD180A4BEB0}.Debug|Any CPU.ActiveCfg = Debug|Any CPU
		{02AC3C87-1BA3-4C2F-A987-CCD180A4BEB0}.Debug|Any CPU.Build.0 = Debug|Any CPU
		{02AC3C87-1BA3-4C2F-A987-CCD180A4BEB0}.Release|Any CPU.ActiveCfg = Release|Any CPU
		{02AC3C87-1BA3-4C2F-A987-CCD180A4BEB0}.Release|Any CPU.Build.0 = Release|Any CPU
		{02AC3C87-1BA3-4C2F-A987-CCD180A4BEB0}.Debug|iPhoneSimulator.ActiveCfg = Debug|Any CPU
		{02AC3C87-1BA3-4C2F-A987-CCD180A4BEB0}.Debug|iPhoneSimulator.Build.0 = Debug|Any CPU
		{02AC3C87-1BA3-4C2F-A987-CCD180A4BEB0}.Release|iPhoneSimulator.ActiveCfg = Release|Any CPU
		{02AC3C87-1BA3-4C2F-A987-CCD180A4BEB0}.Release|iPhoneSimulator.Build.0 = Release|Any CPU
		{02AC3C87-1BA3-4C2F-A987-CCD180A4BEB0}.Debug|iPhone.ActiveCfg = Debug|Any CPU
		{02AC3C87-1BA3-4C2F-A987-CCD180A4BEB0}.Debug|iPhone.Build.0 = Debug|Any CPU
		{02AC3C87-1BA3-4C2F-A987-CCD180A4BEB0}.Release|iPhone.ActiveCfg = Release|Any CPU
		{02AC3C87-1BA3-4C2F-A987-CCD180A4BEB0}.Release|iPhone.Build.0 = Release|Any CPU
	EndGlobalSection
EndGlobal
